
Microsoft Visual Studio Solution File, Format Version 12.00
# Visual Studio Version 17
VisualStudioVersion = 17.4.33213.308
MinimumVisualStudioVersion = 10.0.40219.1
Project("{FAE04EC0-301F-11D3-BF4B-00C04F79EFBC}") = "Module7", "Module7.csproj", "{297F08B8-2F41-47E2-B6FA-6333A7FD3205}"
EndProject
Global
	GlobalSection(SolutionConfigurationPlatforms) = preSolution
		Debug|Any CPU = Debug|Any CPU
		Release|Any CPU = Release|Any CPU
	EndGlobalSection
	GlobalSection(ProjectConfigurationPlatforms) = postSolution
		{297F08B8-2F41-47E2-B6FA-6333A7FD3205}.Debug|Any CPU.ActiveCfg = Debug|Any CPU
		{297F08B8-2F41-47E2-B6FA-6333A7FD3205}.Debug|Any CPU.Build.0 = Debug|Any CPU
		{297F08B8-2F41-47E2-B6FA-6333A7FD3205}.Release|Any CPU.ActiveCfg = Release|Any CPU
		{297F08B8-2F41-47E2-B6FA-6333A7FD3205}.Release|Any CPU.Build.0 = Release|Any CPU
	EndGlobalSection
	GlobalSection(SolutionProperties) = preSolution
		HideSolutionNode = FALSE
	EndGlobalSection
	GlobalSection(ExtensibilityGlobals) = postSolution
		SolutionGuid = {66771377-7671-48BF-B917-E1990D29D4B8}
	EndGlobalSection
EndGlobal
